
Microsoft Visual Studio Solution File, Format Version 12.00
# Visual Studio 15
VisualStudioVersion = 15.0.26430.15
MinimumVisualStudioVersion = 10.0.40219.1
Project("{2150E333-8FDC-42A3-9474-1A3956D46DE8}") = "Tests", "Tests", "{0B640598-B2DC-4A09-88F7-08A83F32667B}"
EndProject
Project("{FAE04EC0-301F-11D3-BF4B-00C04F79EFBC}") = "MediaStash.Azure", "src\MediaStash.Azure\MediaStash.Azure.csproj", "{604A92CE-81C5-4AEA-887C-FC650A7D6337}"
EndProject
Project("{FAE04EC0-301F-11D3-BF4B-00C04F79EFBC}") = "MediaStash.Lib.Test", "src\MediaStash.Lib.Test\MediaStash.Lib.Test.csproj", "{2E7BAABA-D0C7-4EAC-920E-A39BC319A584}"
EndProject
Project("{FAE04EC0-301F-11D3-BF4B-00C04F79EFBC}") = "MediaStash.Azure.Test", "src\MediaStash.Azure.Test\MediaStash.Azure.Test.csproj", "{87AED68F-1E72-4313-9B11-58C6EAC968F0}"
EndProject
Project("{FAE04EC0-301F-11D3-BF4B-00C04F79EFBC}") = "MediaStash.Amazon", "src\MediaStash.Amazon\MediaStash.Amazon.csproj", "{EE06290F-5CAD-47EF-AD89-D25E4292973C}"
EndProject
Project("{FAE04EC0-301F-11D3-BF4B-00C04F79EFBC}") = "MediaStash.Amazon.Test", "src\MediaStash.Amazon.Test\MediaStash.Amazon.Test.csproj", "{6EDE2B85-6C32-404F-BA9D-E8B07F171731}"
EndProject
Project("{9A19103F-16F7-4668-BE54-9A1E7A4F7556}") = "MediaStash.Lib", "src\MediaStash.Lib\MediaStash.Lib.csproj", "{F840B5D6-446E-4184-9D41-FE71351F193A}"
EndProject
Global
	GlobalSection(SolutionConfigurationPlatforms) = preSolution
		Debug|Any CPU = Debug|Any CPU
		Debug|ARM = Debug|ARM
		Debug|x64 = Debug|x64
		Debug|x86 = Debug|x86
		Release|Any CPU = Release|Any CPU
		Release|ARM = Release|ARM
		Release|x64 = Release|x64
		Release|x86 = Release|x86
	EndGlobalSection
	GlobalSection(ProjectConfigurationPlatforms) = postSolution
		{604A92CE-81C5-4AEA-887C-FC650A7D6337}.Debug|Any CPU.ActiveCfg = Debug|Any CPU
		{604A92CE-81C5-4AEA-887C-FC650A7D6337}.Debug|Any CPU.Build.0 = Debug|Any CPU
		{604A92CE-81C5-4AEA-887C-FC650A7D6337}.Debug|ARM.ActiveCfg = Debug|Any CPU
		{604A92CE-81C5-4AEA-887C-FC650A7D6337}.Debug|ARM.Build.0 = Debug|Any CPU
		{604A92CE-81C5-4AEA-887C-FC650A7D6337}.Debug|x64.ActiveCfg = Debug|Any CPU
		{604A92CE-81C5-4AEA-887C-FC650A7D6337}.Debug|x64.Build.0 = Debug|Any CPU
		{604A92CE-81C5-4AEA-887C-FC650A7D6337}.Debug|x86.ActiveCfg = Debug|Any CPU
		{604A92CE-81C5-4AEA-887C-FC650A7D6337}.Debug|x86.Build.0 = Debug|Any CPU
		{604A92CE-81C5-4AEA-887C-FC650A7D6337}.Release|Any CPU.ActiveCfg = Release|Any CPU
		{604A92CE-81C5-4AEA-887C-FC650A7D6337}.Release|Any CPU.Build.0 = Release|Any CPU
		{604A92CE-81C5-4AEA-887C-FC650A7D6337}.Release|ARM.ActiveCfg = Release|Any CPU
		{604A92CE-81C5-4AEA-887C-FC650A7D6337}.Release|ARM.Build.0 = Release|Any CPU
		{604A92CE-81C5-4AEA-887C-FC650A7D6337}.Release|x64.ActiveCfg = Release|Any CPU
		{604A92CE-81C5-4AEA-887C-FC650A7D6337}.Release|x64.Build.0 = Release|Any CPU
		{604A92CE-81C5-4AEA-887C-FC650A7D6337}.Release|x86.ActiveCfg = Release|Any CPU
		{604A92CE-81C5-4AEA-887C-FC650A7D6337}.Release|x86.Build.0 = Release|Any CPU
		{2E7BAABA-D0C7-4EAC-920E-A39BC319A584}.Debug|Any CPU.ActiveCfg = Debug|Any CPU
		{2E7BAABA-D0C7-4EAC-920E-A39BC319A584}.Debug|Any CPU.Build.0 = Debug|Any CPU
		{2E7BAABA-D0C7-4EAC-920E-A39BC319A584}.Debug|ARM.ActiveCfg = Debug|Any CPU
		{2E7BAABA-D0C7-4EAC-920E-A39BC319A584}.Debug|ARM.Build.0 = Debug|Any CPU
		{2E7BAABA-D0C7-4EAC-920E-A39BC319A584}.Debug|x64.ActiveCfg = Debug|Any CPU
		{2E7BAABA-D0C7-4EAC-920E-A39BC319A584}.Debug|x64.Build.0 = Debug|Any CPU
		{2E7BAABA-D0C7-4EAC-920E-A39BC319A584}.Debug|x86.ActiveCfg = Debug|Any CPU
		{2E7BAABA-D0C7-4EAC-920E-A39BC319A584}.Debug|x86.Build.0 = Debug|Any CPU
		{2E7BAABA-D0C7-4EAC-920E-A39BC319A584}.Release|Any CPU.ActiveCfg = Release|Any CPU
		{2E7BAABA-D0C7-4EAC-920E-A39BC319A584}.Release|Any CPU.Build.0 = Release|Any CPU
		{2E7BAABA-D0C7-4EAC-920E-A39BC319A584}.Release|ARM.ActiveCfg = Release|Any CPU
		{2E7BAABA-D0C7-4EAC-920E-A39BC319A584}.Release|ARM.Build.0 = Release|Any CPU
		{2E7BAABA-D0C7-4EAC-920E-A39BC319A584}.Release|x64.ActiveCfg = Release|Any CPU
		{2E7BAABA-D0C7-4EAC-920E-A39BC319A584}.Release|x64.Build.0 = Release|Any CPU
		{2E7BAABA-D0C7-4EAC-920E-A39BC319A584}.Release|x86.ActiveCfg = Release|Any CPU
		{2E7BAABA-D0C7-4EAC-920E-A39BC319A584}.Release|x86.Build.0 = Release|Any CPU
		{87AED68F-1E72-4313-9B11-58C6EAC968F0}.Debug|Any CPU.ActiveCfg = Debug|Any CPU
		{87AED68F-1E72-4313-9B11-58C6EAC968F0}.Debug|Any CPU.Build.0 = Debug|Any CPU
		{87AED68F-1E72-4313-9B11-58C6EAC968F0}.Debug|ARM.ActiveCfg = Debug|Any CPU
		{87AED68F-1E72-4313-9B11-58C6EAC968F0}.Debug|ARM.Build.0 = Debug|Any CPU
		{87AED68F-1E72-4313-9B11-58C6EAC968F0}.Debug|x64.ActiveCfg = Debug|Any CPU
		{87AED68F-1E72-4313-9B11-58C6EAC968F0}.Debug|x64.Build.0 = Debug|Any CPU
		{87AED68F-1E72-4313-9B11-58C6EAC968F0}.Debug|x86.ActiveCfg = Debug|Any CPU
		{87AED68F-1E72-4313-9B11-58C6EAC968F0}.Debug|x86.Build.0 = Debug|Any CPU
		{87AED68F-1E72-4313-9B11-58C6EAC968F0}.Release|Any CPU.ActiveCfg = Release|Any CPU
		{87AED68F-1E72-4313-9B11-58C6EAC968F0}.Release|Any CPU.Build.0 = Release|Any CPU
		{87AED68F-1E72-4313-9B11-58C6EAC968F0}.Release|ARM.ActiveCfg = Release|Any CPU
		{87AED68F-1E72-4313-9B11-58C6EAC968F0}.Release|ARM.Build.0 = Release|Any CPU
		{87AED68F-1E72-4313-9B11-58C6EAC968F0}.Release|x64.ActiveCfg = Release|Any CPU
		{87AED68F-1E72-4313-9B11-58C6EAC968F0}.Release|x64.Build.0 = Release|Any CPU
		{87AED68F-1E72-4313-9B11-58C6EAC968F0}.Release|x86.ActiveCfg = Release|Any CPU
		{87AED68F-1E72-4313-9B11-58C6EAC968F0}.Release|x86.Build.0 = Release|Any CPU
		{EE06290F-5CAD-47EF-AD89-D25E4292973C}.Debug|Any CPU.ActiveCfg = Debug|Any CPU
		{EE06290F-5CAD-47EF-AD89-D25E4292973C}.Debug|Any CPU.Build.0 = Debug|Any CPU
		{EE06290F-5CAD-47EF-AD89-D25E4292973C}.Debug|ARM.ActiveCfg = Debug|Any CPU
		{EE06290F-5CAD-47EF-AD89-D25E4292973C}.Debug|ARM.Build.0 = Debug|Any CPU
		{EE06290F-5CAD-47EF-AD89-D25E4292973C}.Debug|x64.ActiveCfg = Debug|Any CPU
		{EE06290F-5CAD-47EF-AD89-D25E4292973C}.Debug|x64.Build.0 = Debug|Any CPU
		{EE06290F-5CAD-47EF-AD89-D25E4292973C}.Debug|x86.ActiveCfg = Debug|Any CPU
		{EE06290F-5CAD-47EF-AD89-D25E4292973C}.Debug|x86.Build.0 = Debug|Any CPU
		{EE06290F-5CAD-47EF-AD89-D25E4292973C}.Release|Any CPU.ActiveCfg = Release|Any CPU
		{EE06290F-5CAD-47EF-AD89-D25E4292973C}.Release|Any CPU.Build.0 = Release|Any CPU
		{EE06290F-5CAD-47EF-AD89-D25E4292973C}.Release|ARM.ActiveCfg = Release|Any CPU
		{EE06290F-5CAD-47EF-AD89-D25E4292973C}.Release|ARM.Build.0 = Release|Any CPU
		{EE06290F-5CAD-47EF-AD89-D25E4292973C}.Release|x64.ActiveCfg = Release|Any CPU
		{EE06290F-5CAD-47EF-AD89-D25E4292973C}.Release|x64.Build.0 = Release|Any CPU
		{EE06290F-5CAD-47EF-AD89-D25E4292973C}.Release|x86.ActiveCfg = Release|Any CPU
		{EE06290F-5CAD-47EF-AD89-D25E4292973C}.Release|x86.Build.0 = Release|Any CPU
		{6EDE2B85-6C32-404F-BA9D-E8B07F171731}.Debug|Any CPU.ActiveCfg = Debug|Any CPU
		{6EDE2B85-6C32-404F-BA9D-E8B07F171731}.Debug|Any CPU.Build.0 = Debug|Any CPU
		{6EDE2B85-6C32-404F-BA9D-E8B07F171731}.Debug|ARM.ActiveCfg = Debug|Any CPU
		{6EDE2B85-6C32-404F-BA9D-E8B07F171731}.Debug|ARM.Build.0 = Debug|Any CPU
		{6EDE2B85-6C32-404F-BA9D-E8B07F171731}.Debug|x64.ActiveCfg = Debug|Any CPU
		{6EDE2B85-6C32-404F-BA9D-E8B07F171731}.Debug|x64.Build.0 = Debug|Any CPU
		{6EDE2B85-6C32-404F-BA9D-E8B07F171731}.Debug|x86.ActiveCfg = Debug|Any CPU
		{6EDE2B85-6C32-404F-BA9D-E8B07F171731}.Debug|x86.Build.0 = Debug|Any CPU
		{6EDE2B85-6C32-404F-BA9D-E8B07F171731}.Release|Any CPU.ActiveCfg = Release|Any CPU
		{6EDE2B85-6C32-404F-BA9D-E8B07F171731}.Release|Any CPU.Build.0 = Release|Any CPU
		{6EDE2B85-6C32-404F-BA9D-E8B07F171731}.Release|ARM.ActiveCfg = Release|Any CPU
		{6EDE2B85-6C32-404F-BA9D-E8B07F171731}.Release|ARM.Build.0 = Release|Any CPU
		{6EDE2B85-6C32-404F-BA9D-E8B07F171731}.Release|x64.ActiveCfg = Release|Any CPU
		{6EDE2B85-6C32-404F-BA9D-E8B07F171731}.Release|x64.Build.0 = Release|Any CPU
		{6EDE2B85-6C32-404F-BA9D-E8B07F171731}.Release|x86.ActiveCfg = Release|Any CPU
		{6EDE2B85-6C32-404F-BA9D-E8B07F171731}.Release|x86.Build.0 = Release|Any CPU
		{F840B5D6-446E-4184-9D41-FE71351F193A}.Debug|Any CPU.ActiveCfg = Debug|Any CPU
		{F840B5D6-446E-4184-9D41-FE71351F193A}.Debug|Any CPU.Build.0 = Debug|Any CPU
		{F840B5D6-446E-4184-9D41-FE71351F193A}.Debug|ARM.ActiveCfg = Debug|Any CPU
		{F840B5D6-446E-4184-9D41-FE71351F193A}.Debug|ARM.Build.0 = Debug|Any CPU
		{F840B5D6-446E-4184-9D41-FE71351F193A}.Debug|x64.ActiveCfg = Debug|Any CPU
		{F840B5D6-446E-4184-9D41-FE71351F193A}.Debug|x64.Build.0 = Debug|Any CPU
		{F840B5D6-446E-4184-9D41-FE71351F193A}.Debug|x86.ActiveCfg = Debug|Any CPU
		{F840B5D6-446E-4184-9D41-FE71351F193A}.Debug|x86.Build.0 = Debug|Any CPU
		{F840B5D6-446E-4184-9D41-FE71351F193A}.Release|Any CPU.ActiveCfg = Release|Any CPU
		{F840B5D6-446E-4184-9D41-FE71351F193A}.Release|Any CPU.Build.0 = Release|Any CPU
		{F840B5D6-446E-4184-9D41-FE71351F193A}.Release|ARM.ActiveCfg = Release|Any CPU
		{F840B5D6-446E-4184-9D41-FE71351F193A}.Release|ARM.Build.0 = Release|Any CPU
		{F840B5D6-446E-4184-9D41-FE71351F193A}.Release|x64.ActiveCfg = Release|Any CPU
		{F840B5D6-446E-4184-9D41-FE71351F193A}.Release|x64.Build.0 = Release|Any CPU
		{F840B5D6-446E-4184-9D41-FE71351F193A}.Release|x86.ActiveCfg = Release|Any CPU
		{F840B5D6-446E-4184-9D41-FE71351F193A}.Release|x86.Build.0 = Release|Any CPU
	EndGlobalSection
	GlobalSection(SolutionProperties) = preSolution
		HideSolutionNode = FALSE
	EndGlobalSection
	GlobalSection(NestedProjects) = preSolution
		{2E7BAABA-D0C7-4EAC-920E-A39BC319A584} = {0B640598-B2DC-4A09-88F7-08A83F32667B}
		{87AED68F-1E72-4313-9B11-58C6EAC968F0} = {0B640598-B2DC-4A09-88F7-08A83F32667B}
		{6EDE2B85-6C32-404F-BA9D-E8B07F171731} = {0B640598-B2DC-4A09-88F7-08A83F32667B}
	EndGlobalSection
EndGlobal
